
Microsoft Visual Studio Solution File, Format Version 12.00
# Visual Studio Version 16
VisualStudioVersion = 16.0.32228.343
MinimumVisualStudioVersion = 10.0.40219.1
Project("{FAE04EC0-301F-11D3-BF4B-00C04F79EFBC}") = "BaekjoonProject", "BaekjoonProject.csproj", "{D6C83448-A963-4099-96D6-1FA1572D220F}"
EndProject
Global
	GlobalSection(SolutionConfigurationPlatforms) = preSolution
		Debug|Any CPU = Debug|Any CPU
		Release|Any CPU = Release|Any CPU
	EndGlobalSection
	GlobalSection(ProjectConfigurationPlatforms) = postSolution
		{D6C83448-A963-4099-96D6-1FA1572D220F}.Debug|Any CPU.ActiveCfg = Debug|Any CPU
		{D6C83448-A963-4099-96D6-1FA1572D220F}.Debug|Any CPU.Build.0 = Debug|Any CPU
		{D6C83448-A963-4099-96D6-1FA1572D220F}.Release|Any CPU.ActiveCfg = Release|Any CPU
		{D6C83448-A963-4099-96D6-1FA1572D220F}.Release|Any CPU.Build.0 = Release|Any CPU
	EndGlobalSection
	GlobalSection(SolutionProperties) = preSolution
		HideSolutionNode = FALSE
	EndGlobalSection
	GlobalSection(ExtensibilityGlobals) = postSolution
		SolutionGuid = {0A5C55DD-E3F3-431D-BA8B-A5D41F044BED}
	EndGlobalSection
EndGlobal
