
Microsoft Visual Studio Solution File, Format Version 12.00
# Visual Studio Version 16
VisualStudioVersion = 16.0.32228.343
MinimumVisualStudioVersion = 10.0.40219.1
Project("{FAE04EC0-301F-11D3-BF4B-00C04F79EFBC}") = "BaekJoon1316", "BaekJoon1316.csproj", "{4DF13BE4-0CB0-4C9F-8687-A52AEFD738FC}"
EndProject
Global
	GlobalSection(SolutionConfigurationPlatforms) = preSolution
		Debug|Any CPU = Debug|Any CPU
		Release|Any CPU = Release|Any CPU
	EndGlobalSection
	GlobalSection(ProjectConfigurationPlatforms) = postSolution
		{4DF13BE4-0CB0-4C9F-8687-A52AEFD738FC}.Debug|Any CPU.ActiveCfg = Debug|Any CPU
		{4DF13BE4-0CB0-4C9F-8687-A52AEFD738FC}.Debug|Any CPU.Build.0 = Debug|Any CPU
		{4DF13BE4-0CB0-4C9F-8687-A52AEFD738FC}.Release|Any CPU.ActiveCfg = Release|Any CPU
		{4DF13BE4-0CB0-4C9F-8687-A52AEFD738FC}.Release|Any CPU.Build.0 = Release|Any CPU
	EndGlobalSection
	GlobalSection(SolutionProperties) = preSolution
		HideSolutionNode = FALSE
	EndGlobalSection
	GlobalSection(ExtensibilityGlobals) = postSolution
		SolutionGuid = {E7008EDF-D6F7-4586-BB6E-ADF3208FC059}
	EndGlobalSection
EndGlobal
